{
  "version": "5",
  "specifiers": {
    "jsr:@byzanteam/kysely-deno-postgres-dialect@*": "0.27.8",
    "jsr:@std/assert@1": "1.0.16",
    "jsr:@std/internal@^1.0.12": "1.0.14",
    "npm:@hono/zod-validator@0.4": "0.4.3_hono@4.12.28_zod@3.25.76",
    "npm:arctic@2": "2.3.4",
    "npm:date-fns@3": "3.6.0",
    "npm:hono@^4.6.0": "4.12.28",
    "npm:jose@5": "5.10.0",
    "npm:kysely@0.27.4": "0.27.4",
    "npm:kysely@~0.27.4": "0.27.4",
    "npm:mppx@~0.8.5": "0.8.5_hono@4.12.28_viem@2.54.6__zod@4.4.3",
    "npm:nodemailer@6": "6.10.1",
    "npm:postgres@3.4.4": "3.4.4",
    "npm:postgres@3.4.8": "3.4.8",
    "npm:stripe@17": "17.7.0",
    "npm:xlsx@~0.18.5": "0.18.5",
    "npm:zod-to-json-schema@^3.23.0": "3.25.2_zod@3.25.76",
    "npm:zod@^3.23.0": "3.25.76"
  },
  "jsr": {
    "@byzanteam/kysely-deno-postgres-dialect@0.27.8": {
      "integrity": "4f3563aaca5283cd46c843e6fd92500c87bb8e44d1c1152e1f29d15720c2aba3",
      "dependencies": [
        "npm:kysely@0.27.4",
        "npm:postgres@3.4.4"
      ]
    },
    "@std/assert@1.0.16": {
      "integrity": "6a7272ed1eaa77defe76e5ff63ca705d9c495077e2d5fd0126d2b53fc5bd6532",
      "dependencies": [
        "jsr:@std/internal"
      ]
    },
    "@std/internal@1.0.14": {
      "integrity": "291516b3d4c35024d6ffbc0a9df5bf4c64116e05b50012cf846710152d2ffdf7"
    }
  },
  "npm": {
    "@adraffy/ens-normalize@1.11.1": {
      "integrity": "sha512-nhCBV3quEgesuf7c7KYfperqSS14T8bYuvJ8PcLJp6znkZpFc0AuW4qBtr8eKVyPPe/8RSr7sglCWPU5eaxwKQ=="
    },
    "@cfworker/json-schema@4.1.1": {
      "integrity": "sha512-gAmrUZSGtKc3AiBL71iNWxDsyUC5uMaKKGdvzYsBoTW/xi42JQHl7eKV2OYzCUqvc+D2RCcf7EXY2iCyFIk6og=="
    },
    "@hono/zod-validator@0.4.3_hono@4.12.28_zod@3.25.76": {
      "integrity": "sha512-xIgMYXDyJ4Hj6ekm9T9Y27s080Nl9NXHcJkOvkXPhubOLj8hZkOL8pDnnXfvCf5xEE8Q4oMFenQUZZREUY2gqQ==",
      "dependencies": [
        "hono",
        "zod@3.25.76"
      ]
    },
    "@modelcontextprotocol/server@2.0.0-beta.2": {
      "integrity": "sha512-XK+sgFntT5ZzeqtTGpT9uti+Sqmq7YJZdx/N76eLJv9UA9vKvP04Qh9Hc45LCeIHGfTKRwDG6eh4C1Hs4omyIg==",
      "dependencies": [
        "zod@4.4.3"
      ]
    },
    "@noble/ciphers@1.3.0": {
      "integrity": "sha512-2I0gnIVPtfnMw9ee9h1dJG7tp81+8Ob3OJb3Mv37rx5L40/b0i7djjCVvGOVqc9AEIQyvyu1i6ypKdFw8R8gQw=="
    },
    "@noble/curves@1.9.1": {
      "integrity": "sha512-k11yZxZg+t+gWvBbIswW0yoJlu8cHOC7dhunwOzoWH/mXGBiYyR4YY6hAEK/3EUs4UpB8la1RfdRpeGsFHkWsA==",
      "dependencies": [
        "@noble/hashes"
      ]
    },
    "@noble/hashes@1.8.0": {
      "integrity": "sha512-jCs9ldd7NwzpgXDIf6P3+NrHh9/sD6CQdxHyjQI+h/6rDNo88ypBxxz45UDuZHz9r3tNz7N/VInSVoVdtXEI4A=="
    },
    "@oslojs/asn1@1.0.0": {
      "integrity": "sha512-zw/wn0sj0j0QKbIXfIlnEcTviaCzYOY3V5rAyjR6YtOByFtJiT574+8p9Wlach0lZH9fddD4yb9laEAIl4vXQA==",
      "dependencies": [
        "@oslojs/binary"
      ]
    },
    "@oslojs/binary@1.0.0": {
      "integrity": "sha512-9RCU6OwXU6p67H4NODbuxv2S3eenuQ4/WFLrsq+K/k682xrznH5EVWA7N4VFk9VYVcbFtKqur5YQQZc0ySGhsQ=="
    },
    "@oslojs/crypto@1.0.1": {
      "integrity": "sha512-7n08G8nWjAr/Yu3vu9zzrd0L9XnrJfpMioQcvCMxBIiF5orECHe5/3J0jmXRVvgfqMm/+4oxlQ+Sq39COYLcNQ==",
      "dependencies": [
        "@oslojs/asn1",
        "@oslojs/binary"
      ]
    },
    "@oslojs/encoding@0.4.1": {
      "integrity": "sha512-hkjo6MuIK/kQR5CrGNdAPZhS01ZCXuWDRJ187zh6qqF2+yMHZpD9fAYpX8q2bOO6Ryhl3XpCT6kUX76N8hhm4Q=="
    },
    "@oslojs/encoding@1.1.0": {
      "integrity": "sha512-70wQhgYmndg4GCPxPPxPGevRKqTIJ2Nh4OkiMWmDAVYsTQ+Ta7Sq+rPevXyXGdzr30/qZBnyOalCszoMxlyldQ=="
    },
    "@oslojs/jwt@0.2.0": {
      "integrity": "sha512-bLE7BtHrURedCn4Mco3ma9L4Y1GR2SMBuIvjWr7rmQ4/W/4Jy70TIAgZ+0nIlk0xHz1vNP8x8DCns45Sb2XRbg==",
      "dependencies": [
        "@oslojs/encoding@0.4.1"
      ]
    },
    "@scalar/openapi-types@0.8.0": {
      "integrity": "sha512-WmaxVSfvY5K/TwcG2B2TU1WOe1As1uc2s7myswtP6dBlcjU3hM08SApxv/jmyGaCE8t4gO5BBhmHY4pDUfmr2g=="
    },
    "@scure/base@1.2.6": {
      "integrity": "sha512-g/nm5FgUa//MCj1gV09zTJTaM6KBAHqLN907YVQqf7zC49+DcO4B1so4ZX07Ef10Twr6nuqYEH9GEggFXA4Fmg=="
    },
    "@scure/bip32@1.7.0": {
      "integrity": "sha512-E4FFX/N3f4B80AKWp5dP6ow+flD1LQZo/w8UnLGYZO674jS6YnYeepycOOksv+vLPSpgN35wgKgy+ybfTb2SMw==",
      "dependencies": [
        "@noble/curves",
        "@noble/hashes",
        "@scure/base"
      ]
    },
    "@scure/bip39@1.6.0": {
      "integrity": "sha512-+lF0BbLiJNwVlev4eKelw1WWLaiKXw7sSl8T6FvBlWkdX+94aGJ4o8XjUdlyhTCjd8c+B3KT3JfS8P0bLRNU6A==",
      "dependencies": [
        "@noble/hashes",
        "@scure/base"
      ]
    },
    "@stripe/stripe-js@9.8.0": {
      "integrity": "sha512-DHJpol/98VKyojNSYmpkB5vOMnlf87hPe0wPxyaYTNiTMk5QjKMXDfSZLwGctYIXAgAWDFeRABc8lFAj0BELyw=="
    },
    "@toon-format/toon@2.3.0": {
      "integrity": "sha512-/Ew9etdRQKVMnm9fDaCG0JjyAOK/O7T0M97oum1aW4W+UR8ZhVVPBanIV7oWgHBiGlnVxV9M55PWQCHofDV07w=="
    },
    "@types/node@26.1.0": {
      "integrity": "sha512-O0A1G3xPGy4w7AgQdAQYUlQ+BKk2Oovw8eRpofyp5KdBZULnbe+WqaOVNrm705SHphCiG4XHsACrSmPu1f+Kgw==",
      "dependencies": [
        "undici-types"
      ]
    },
    "abitype@1.2.3_zod@4.4.3": {
      "integrity": "sha512-Ofer5QUnuUdTFsBRwARMoWKOH1ND5ehwYhJ3OJ/BQO+StkwQjHw0XyVh4vDttzHB7QOFhPHa/o413PJ82gU/Tg==",
      "dependencies": [
        "zod@4.4.3"
      ],
      "optionalPeers": [
        "zod@4.4.3"
      ]
    },
    "adler-32@1.3.1": {
      "integrity": "sha512-ynZ4w/nUUv5rrsR8UUGoe1VC9hZj6V5hU9Qw1HlMDJGEJw5S7TfTErWTjMys6M7vr0YWcPqs3qAr4ss0nDfP+A=="
    },
    "arctic@2.3.4": {
      "integrity": "sha512-+p30BOWsctZp+CVYCt7oAean/hWGW42sH5LAcRQX56ttEkFJWbzXBhmSpibbzwSJkRrotmsA+oAoJoVsU0f5xA==",
      "dependencies": [
        "@oslojs/crypto",
        "@oslojs/encoding@1.1.0",
        "@oslojs/jwt"
      ]
    },
    "call-bind-apply-helpers@1.0.2": {
      "integrity": "sha512-Sp1ablJ0ivDkSzjcaJdxEunN5/XvksFJ2sMBFfq6x0ryhQV/2b/KwFe21cMpmHtPOSij8K99/wSfoEuTObmuMQ==",
      "dependencies": [
        "es-errors",
        "function-bind"
      ]
    },
    "call-bound@1.0.4": {
      "integrity": "sha512-+ys997U96po4Kx/ABpBCqhA9EuxJaQWDQg7295H4hBphv3IZg0boBKuwYpt4YXp6MZ5AmZQnU/tyMTlRpaSejg==",
      "dependencies": [
        "call-bind-apply-helpers",
        "get-intrinsic"
      ]
    },
    "cfb@1.2.2": {
      "integrity": "sha512-KfdUZsSOw19/ObEWasvBP/Ac4reZvAGauZhs6S/gqNhXhI7cKwvlH7ulj+dOEYnca4bm4SGo8C1bTAQvnTjgQA==",
      "dependencies": [
        "adler-32",
        "crc-32"
      ]
    },
    "codepage@1.15.0": {
      "integrity": "sha512-3g6NUTPd/YtuuGrhMnOMRjFc+LJw/bnMp3+0r/Wcz3IXUuCosKRJvMphm5+Q+bvTVGcJJuRvVLuYba+WojaFaA=="
    },
    "crc-32@1.2.2": {
      "integrity": "sha512-ROmzCKrTnOwybPcJApAA6WBWij23HVfGVNKqqrZpuyZOHqK2CwHSvpGuyt/UNNvaIjEd8X5IFGp4Mh+Ie1IHJQ==",
      "bin": true
    },
    "date-fns@3.6.0": {
      "integrity": "sha512-fRHTG8g/Gif+kSh50gaGEdToemgfj74aRX3swtiouboip5JDLAyDE9F11nHMIcvOaXeOC6D7SpNhi7uFyB7Uww=="
    },
    "dunder-proto@1.0.1": {
      "integrity": "sha512-KIN/nDJBQRcXw0MLVhZE9iQHmG68qAVIBg9CqmUYjmQIhgij9U5MFvrqkUL5FbtyyzZuOeOt0zdeRe4UY7ct+A==",
      "dependencies": [
        "call-bind-apply-helpers",
        "es-errors",
        "gopd"
      ]
    },
    "es-define-property@1.0.1": {
      "integrity": "sha512-e3nRfgfUZ4rNGL232gUgX06QNyyez04KdjFrF+LTRoOXmrOgFKDg4BCdsjW8EnT69eqdYGmRpJwiPVYNrCaW3g=="
    },
    "es-errors@1.3.0": {
      "integrity": "sha512-Zf5H2Kxt2xjTvbJvP2ZWLEICxA6j+hAmMzIlypy4xcBg1vKVnx89Wy0GbS+kf5cwCVFFzdCFh2XSCFNULS6csw=="
    },
    "es-object-atoms@1.1.2": {
      "integrity": "sha512-HWcBoN6NileqtSydK2FqHbS/LoDd2pqrnQHLyJzBj4kOp/ky2MWMN694xOfkK8/SnUsW2DH7EfyVlydKCsm1Zw==",
      "dependencies": [
        "es-errors"
      ]
    },
    "eventemitter3@5.0.1": {
      "integrity": "sha512-GWkBvjiSZK87ELrYOSESUYeVIc9mvLLf/nXalMOS5dYrgZq9o5OVkbZAVM06CVxYsCwH9BDZFPlQTlPA1j4ahA=="
    },
    "eventsource-parser@3.1.0": {
      "integrity": "sha512-kJezFj9YFAMLeORyi7aCLxLbD5/qWMQnoMVlVPyHIll7lgRJCc3JVln9Vgl9nwQi0YkMnhdGTMNn7CkRRAptMg=="
    },
    "frac@1.1.2": {
      "integrity": "sha512-w/XBfkibaTl3YDqASwfDUqkna4Z2p9cFSr1aHDt0WoMTECnRfBOv2WArlZILlqgWlmdIlALXGpM2AOhEk5W3IA=="
    },
    "function-bind@1.1.2": {
      "integrity": "sha512-7XHNxH7qX9xG5mIwxkhumTox/MIRNcOgDrxWsMt2pAr23WHp6MrRlN7FBSFpCpr+oVO0F744iUgR82nJMfG2SA=="
    },
    "get-intrinsic@1.3.0": {
      "integrity": "sha512-9fSjSaos/fRIVIp+xSJlE6lfwhES7LNtKaCBIamHsjr2na1BiABJPo0mOjjz8GJDURarmCPGqaiVg5mfjb98CQ==",
      "dependencies": [
        "call-bind-apply-helpers",
        "es-define-property",
        "es-errors",
        "es-object-atoms",
        "function-bind",
        "get-proto",
        "gopd",
        "has-symbols",
        "hasown",
        "math-intrinsics"
      ]
    },
    "get-proto@1.0.1": {
      "integrity": "sha512-sTSfBjoXBp89JvIKIefqw7U2CCebsc74kiY6awiGogKtoSGbgjYE/G/+l9sF3MWFPNc9IcoOC4ODfKHfxFmp0g==",
      "dependencies": [
        "dunder-proto",
        "es-object-atoms"
      ]
    },
    "gopd@1.2.0": {
      "integrity": "sha512-ZUKRh6/kUFoAiTAtTYPZJ3hw9wNxx+BIBOijnlG9PnrJsCcSjs1wyyD6vJpaYtgnzDrKYRSqf3OO6Rfa93xsRg=="
    },
    "has-symbols@1.1.0": {
      "integrity": "sha512-1cDNdwJ2Jaohmb3sg4OmKaMBwuC48sYni5HUw2DvsC8LjGTLK9h+eb1X6RyuOHe4hT0ULCW68iomhjUoKUqlPQ=="
    },
    "hasown@2.0.4": {
      "integrity": "sha512-T2UbfbBEF32wiepXIsMlTW9+dDYC6wMh/t/vYA4tuOMKqWz/n3vr1NFSxQiyP+zk2mXsoMA/i/7qV6LKut1t1A==",
      "dependencies": [
        "function-bind"
      ]
    },
    "hono@4.12.28": {
      "integrity": "sha512-YwUvVpSF7m1yOblFPrU3Hbo8XhPheBoiyfGuII6z19LnOr6JpDnyyp7LFNrfV56wS8tpvtBFGRISHN02pDdLOA=="
    },
    "incur@0.4.10": {
      "integrity": "sha512-u35+Ba0oJOPQnAYxYPo5j91P/rI9kTtpDf/iJe6kOs335iguz8mYnVguex4NP6GmIP6uc7iqUWY5cmdc/0MwTw==",
      "dependencies": [
        "@cfworker/json-schema",
        "@modelcontextprotocol/server",
        "@scalar/openapi-types",
        "@toon-format/toon",
        "tokenx",
        "yaml",
        "zod@4.4.3"
      ],
      "bin": true
    },
    "isows@1.0.7_ws@8.21.0": {
      "integrity": "sha512-I1fSfDCZL5P0v33sVqeTDSpcstAg/N+wF5HS033mogOVIp4B+oHC7oOCsA3axAbBSGTJ8QubbNmnIRN/h8U7hg==",
      "dependencies": [
        "ws"
      ]
    },
    "jose@5.10.0": {
      "integrity": "sha512-s+3Al/p9g32Iq+oqXxkW//7jk2Vig6FF1CFqzVXoTUXt2qz89YWbL+OwS17NFYEvxC35n0FKeGO2LGYSxeM2Gg=="
    },
    "kysely@0.27.4": {
      "integrity": "sha512-dyNKv2KRvYOQPLCAOCjjQuCk4YFd33BvGdf/o5bC7FiW+BB6snA81Zt+2wT9QDFzKqxKa5rrOmvlK/anehCcgA=="
    },
    "math-intrinsics@1.1.0": {
      "integrity": "sha512-/IXtbwEk5HTPyEwyKX6hGkYXxM9nbj64B+ilVJnC/R6B0pH5G4V3b0pVbL7DBj4tkhBAppbQUlf6F6Xl9LHu1g=="
    },
    "mppx@0.8.5_hono@4.12.28_viem@2.54.6__zod@4.4.3": {
      "integrity": "sha512-36trgc3CCIWzPnrYKNdYGl9jszAes+wNJsRR9XPvcu3oxTBeNWe0Xol7nyETleY3YBg5FpZXSuGs1bdCq0zuXA==",
      "dependencies": [
        "@stripe/stripe-js",
        "eventsource-parser",
        "hono",
        "incur",
        "ox@0.14.29_zod@4.4.3",
        "viem",
        "zod@4.4.3"
      ],
      "optionalPeers": [
        "hono"
      ],
      "bin": true
    },
    "nodemailer@6.10.1": {
      "integrity": "sha512-Z+iLaBGVaSjbIzQ4pX6XV41HrooLsQ10ZWPUehGmuantvzWoDVBnmsdUcOIDM1t+yPor5pDhVlDESgOMEGxhHA=="
    },
    "object-inspect@1.13.4": {
      "integrity": "sha512-W67iLl4J2EXEGTbfeHCffrjDfitvLANg0UlX3wFUUSTx92KXRFegMHUVgSqE+wvhAbi4WqjGg9czysTV2Epbew=="
    },
    "ox@0.14.29_zod@4.4.3": {
      "integrity": "sha512-M5j87Ec4V99MQdRct/g09eWXW60g6zhHTUs1lr4deUtrPDnezBdCJTgKd7pxqTpSZBFveV0ALi9jMMuT1qKyNg==",
      "dependencies": [
        "@adraffy/ens-normalize",
        "@noble/ciphers",
        "@noble/curves",
        "@noble/hashes",
        "@scure/bip32",
        "@scure/bip39",
        "abitype",
        "eventemitter3"
      ]
    },
    "ox@0.14.30_zod@4.4.3": {
      "integrity": "sha512-LI11uu+8iiM1B3CLckgd++YF1a0A2k5wDoM9ZeQMiL21BOzQs6L//BLS6hb1HSEKCyycdDIQLsVQx9MjpcC0hA==",
      "dependencies": [
        "@adraffy/ens-normalize",
        "@noble/ciphers",
        "@noble/curves",
        "@noble/hashes",
        "@scure/bip32",
        "@scure/bip39",
        "eventemitter3"
      ]
    },
    "postgres@3.4.4": {
      "integrity": "sha512-IbyN+9KslkqcXa8AO9fxpk97PA4pzewvpi2B3Dwy9u4zpV32QicaEdgmF3eSQUzdRk7ttDHQejNgAEr4XoeH4A=="
    },
    "postgres@3.4.8": {
      "integrity": "sha512-d+JFcLM17njZaOLkv6SCev7uoLaBtfK86vMUXhW1Z4glPWh4jozno9APvW/XKFJ3CCxVoC7OL38BqRydtu5nGg=="
    },
    "qs@6.15.3": {
      "integrity": "sha512-O9gl3zCl5h5blw1KGUzQKhA5oUXSl8rwUIM5o0S3nCXMliSvy5Dzx7/DJcI+SwgICv+IneSZwhBh1oSyEHA71A==",
      "dependencies": [
        "es-define-property",
        "side-channel"
      ]
    },
    "side-channel-list@1.0.1": {
      "integrity": "sha512-mjn/0bi/oUURjc5Xl7IaWi/OJJJumuoJFQJfDDyO46+hBWsfaVM65TBHq2eoZBhzl9EchxOijpkbRC8SVBQU0w==",
      "dependencies": [
        "es-errors",
        "object-inspect"
      ]
    },
    "side-channel-map@1.0.1": {
      "integrity": "sha512-VCjCNfgMsby3tTdo02nbjtM/ewra6jPHmpThenkTYh8pG9ucZ/1P8So4u4FGBek/BjpOVsDCMoLA/iuBKIFXRA==",
      "dependencies": [
        "call-bound",
        "es-errors",
        "get-intrinsic",
        "object-inspect"
      ]
    },
    "side-channel-weakmap@1.0.2": {
      "integrity": "sha512-WPS/HvHQTYnHisLo9McqBHOJk2FkHO/tlpvldyrnem4aeQp4hai3gythswg6p01oSoTl58rcpiFAjF2br2Ak2A==",
      "dependencies": [
        "call-bound",
        "es-errors",
        "get-intrinsic",
        "object-inspect",
        "side-channel-map"
      ]
    },
    "side-channel@1.1.1": {
      "integrity": "sha512-6x6dK6zJdpTzF4sQeNYxwtvBzf6Eg4GtlesS94HOvTudUeyK2WXAaIfmDgsyslYrRBeFIlsi54AYsFGUuhmvrQ==",
      "dependencies": [
        "es-errors",
        "object-inspect",
        "side-channel-list",
        "side-channel-map",
        "side-channel-weakmap"
      ]
    },
    "ssf@0.11.2": {
      "integrity": "sha512-+idbmIXoYET47hH+d7dfm2epdOMUDjqcB4648sTZ+t2JwoyBFL/insLfB/racrDmsKB3diwsDA696pZMieAC5g==",
      "dependencies": [
        "frac"
      ]
    },
    "stripe@17.7.0": {
      "integrity": "sha512-aT2BU9KkizY9SATf14WhhYVv2uOapBWX0OFWF4xvcj1mPaNotlSc2CsxpS4DS46ZueSppmCF5BX1sNYBtwBvfw==",
      "dependencies": [
        "@types/node",
        "qs"
      ]
    },
    "tokenx@1.3.0": {
      "integrity": "sha512-NLdXTEZkKiO0gZuLtMoZKjCXTREXeZZt8nnnNeyoXtNZAfG/GKGSbQtLU5STspc0rMSwcA+UJfWZkbNU01iKmQ=="
    },
    "undici-types@8.3.0": {
      "integrity": "sha512-j375ScV60dom+YkPFIfTLcOiPxkN/buHz5GobjLhixFuANaNs3C9l4GmrWqejgXWJ7BbJcFYpTEUkS1Ge8bpZQ=="
    },
    "viem@2.54.6_zod@4.4.3": {
      "integrity": "sha512-OfybECKJYVmhiNqz+SHhed+O2h6niQ+0Wjg9J0b4bV+/QrvLgjxhfKO7hZqsuK1YtZ/0BErBKy708Zp+cU5T0Q==",
      "dependencies": [
        "@noble/curves",
        "@noble/hashes",
        "@scure/bip32",
        "@scure/bip39",
        "abitype",
        "isows",
        "ox@0.14.30_zod@4.4.3",
        "ws"
      ]
    },
    "wmf@1.0.2": {
      "integrity": "sha512-/p9K7bEh0Dj6WbXg4JG0xvLQmIadrner1bi45VMJTfnbVHsc7yIajZyoSoK60/dtVBs12Fm6WkUI5/3WAVsNMw=="
    },
    "word@0.3.0": {
      "integrity": "sha512-OELeY0Q61OXpdUfTp+oweA/vtLVg5VDOXh+3he3PNzLGG/y0oylSOC1xRVj0+l4vQ3tj/bB1HVHv1ocXkQceFA=="
    },
    "ws@8.21.0": {
      "integrity": "sha512-Vsp28b7DRcimFQvrqu2Wek3z1iYxDCWqHYB8Qsnk/S4RfaCQzPGPyBNuVjJV3cd6UiKtUtp6sNM77gWvzcCH+g=="
    },
    "xlsx@0.18.5": {
      "integrity": "sha512-dmg3LCjBPHZnQp5/F/+nnTa+miPJxUXB6vtk42YjBBKayDNagxGEeIdWApkYPOf3Z3pm3k62Knjzp7lMeTEtFQ==",
      "dependencies": [
        "adler-32",
        "cfb",
        "codepage",
        "crc-32",
        "ssf",
        "wmf",
        "word"
      ],
      "bin": true
    },
    "yaml@2.9.0": {
      "integrity": "sha512-2AvhNX3mb8zd6Zy7INTtSpl1F15HW6Wnqj0srWlkKLcpYl/gMIMJiyuGq2KeI2YFxUPjdlB+3Lc10seMLtL4cA==",
      "bin": true
    },
    "zod-to-json-schema@3.25.2_zod@3.25.76": {
      "integrity": "sha512-O/PgfnpT1xKSDeQYSCfRI5Gy3hPf91mKVDuYLUHZJMiDFptvP41MSnWofm8dnCm0256ZNfZIM7DSzuSMAFnjHA==",
      "dependencies": [
        "zod@3.25.76"
      ]
    },
    "zod@3.25.76": {
      "integrity": "sha512-gzUt/qt81nXsFGKIFcC3YnfEAx5NkunCfnDlvuBSSFS02bcXu4Lmea0AFIUwbLWxWPx3d9p8S5QoaujKcNQxcQ=="
    },
    "zod@4.4.3": {
      "integrity": "sha512-ytENFjIJFl2UwYglde2jchW2Hwm4GJFLDiSXWdTrJQBIN9Fcyp7n4DhxJEiWNAJMV1/BqWfW/kkg71UDcHJyTQ=="
    }
  },
  "remote": {
    "https://raw.githubusercontent.com/chipp-ai/alchemist-template/staging/db/_runner.ts": "54e5c4bb47cc54e12cfabdc67e227b43cf55da97fbf8bbcccbafa6175fe46132"
  },
  "workspace": {
    "dependencies": [
      "jsr:@byzanteam/kysely-deno-postgres-dialect@*",
      "jsr:@std/assert@1",
      "jsr:@std/testing@1",
      "npm:@hono/zod-validator@0.4",
      "npm:arctic@2",
      "npm:date-fns@3",
      "npm:hono@^4.6.0",
      "npm:jose@5",
      "npm:kysely@~0.27.4",
      "npm:mppx@~0.8.5",
      "npm:nodemailer@6",
      "npm:postgres@3.4.8",
      "npm:stripe@17",
      "npm:xlsx@~0.18.5",
      "npm:zod-to-json-schema@^3.23.0",
      "npm:zod@^3.23.0"
    ]
  }
}
